
Microsoft Visual Studio Solution File, Format Version 12.00
# Visual Studio Version 17
VisualStudioVersion = 17.4.33213.308
MinimumVisualStudioVersion = 10.0.40219.1
Project("{9A19103F-16F7-4668-BE54-9A1E7A4F7556}") = "Mp3TagEditor", "MP3TagEditor\Mp3TagEditor.csproj", "{D27037C4-E450-4119-8EDB-1245173170DA}"
EndProject
Project("{9A19103F-16F7-4668-BE54-9A1E7A4F7556}") = "MultimediaUtilities", "MultimediaUtilities\MultimediaUtilities.csproj", "{97393104-FED1-4188-848B-BD3813C63A30}"
EndProject
Global
	GlobalSection(SolutionConfigurationPlatforms) = preSolution
		Debug|Any CPU = Debug|Any CPU
		Release|Any CPU = Release|Any CPU
	EndGlobalSection
	GlobalSection(ProjectConfigurationPlatforms) = postSolution
		{D27037C4-E450-4119-8EDB-1245173170DA}.Debug|Any CPU.ActiveCfg = Debug|Any CPU
		{D27037C4-E450-4119-8EDB-1245173170DA}.Debug|Any CPU.Build.0 = Debug|Any CPU
		{D27037C4-E450-4119-8EDB-1245173170DA}.Release|Any CPU.ActiveCfg = Release|Any CPU
		{D27037C4-E450-4119-8EDB-1245173170DA}.Release|Any CPU.Build.0 = Release|Any CPU
		{97393104-FED1-4188-848B-BD3813C63A30}.Debug|Any CPU.ActiveCfg = Debug|Any CPU
		{97393104-FED1-4188-848B-BD3813C63A30}.Debug|Any CPU.Build.0 = Debug|Any CPU
		{97393104-FED1-4188-848B-BD3813C63A30}.Release|Any CPU.ActiveCfg = Release|Any CPU
		{97393104-FED1-4188-848B-BD3813C63A30}.Release|Any CPU.Build.0 = Release|Any CPU
	EndGlobalSection
	GlobalSection(SolutionProperties) = preSolution
		HideSolutionNode = FALSE
	EndGlobalSection
	GlobalSection(ExtensibilityGlobals) = postSolution
		SolutionGuid = {7947AB2B-B98B-4A97-B666-482199AC02D2}
	EndGlobalSection
EndGlobal
